<Solution>
  <Project Path="Task0/Task0.csproj" />
  <Project Path="Task1/Task1.csproj" Id="123d4672-069c-46e3-b9da-42eaca290c80" />
  <Project Path="Tyuiu.ShapovalovA.Sprint0.Task0.V0/Tyuiu.ShapovalovA.Sprint0.Task0.V0.csproj" />
  <Project Path="Tyuiu.ShapovalovA.Sprint0.Task1.V0/Tyuiu.ShapovalovA.Sprint0.Task1.V0.csproj" Id="a47b7024-9b7a-4558-aed7-a1c88a56c6a0" />
</Solution>
