<Solution>
  <Folder Name="/Task2/">
    <Project Path="Tyuiu.ShapovalovA.Sprint0.Task2.V0.lib/Tyuiu.ShapovalovA.Sprint0.Task2.V0.lib.csproj" Id="70aeb62a-6007-4b59-bfba-305b0a03f248" />
    <Project Path="Tyuiu.ShapovalovA.Sprint0.Task2.V0.Test/Tyuiu.ShapovalovA.Sprint0.Task2.V0.Test.csproj" Id="286b9c96-8c11-47d7-aa84-e43dce46758f" />
    <Project Path="Tyuiu.ShapovalovA.Sprint0.Task2.V0/Tyuiu.ShapovalovA.Sprint0.Task2.V0.csproj" Id="f36657c1-1c6d-4ccf-9bfc-7d90363a9f96" />
  </Folder>
  <Folder Name="/Task3/">
    <Project Path="Tyuiu.ShapovalovA.Sprint0.Task3.V0.Lib/Tyuiu.ShapovalovA.Sprint0.Task3.V0.Lib.csproj" Id="423b3679-1c7a-43d2-9524-f6fd2156e5b2" />
    <Project Path="Tyuiu.ShapovalovA.Sprint0.Task3.V0.Test/Tyuiu.ShapovalovA.Sprint0.Task3.V0.Test.csproj" Id="2d8af029-1833-4ae0-bcf9-499e603fc831" />
    <Project Path="Tyuiu.ShapovalovA.Sprint0.Task3.V0/Tyuiu.ShapovalovA.Sprint0.Task3.V0.csproj" Id="249c6948-4b86-4dad-84db-950df0aecc25" />
  </Folder>
  <Folder Name="/Task4/">
    <Project Path="Tyuiu.ShapovalovA.Sprint0.Task4.V0.Lib/Tyuiu.ShapovalovA.Sprint0.Task4.V0.Lib.csproj" Id="4a94be50-9364-4c41-b3e7-8c4f8cd4f78d" />
    <Project Path="Tyuiu.ShapovalovA.Sprint0.Task4.V0.Test/Tyuiu.ShapovalovA.Sprint0.Task4.V0.Test.csproj" Id="bc737215-dd84-4be7-a6e8-e7b3b8e89cbb" />
    <Project Path="Tyuiu.ShapovalovA.Sprint0.Task4.V0/Tyuiu.ShapovalovA.Sprint0.Task4.V0.csproj" Id="f9491fa2-d010-43c3-a4cf-919762fa2629" />
  </Folder>
  <Project Path="Task0/Task0.csproj" />
  <Project Path="Task1/Task1.csproj" Id="123d4672-069c-46e3-b9da-42eaca290c80" />
  <Project Path="Tyuiu.ShapovalovA.Sprint0.Task0.V0/Tyuiu.ShapovalovA.Sprint0.Task0.V0.csproj" />
  <Project Path="Tyuiu.ShapovalovA.Sprint0.Task1.V0/Tyuiu.ShapovalovA.Sprint0.Task1.V0.csproj" Id="a47b7024-9b7a-4558-aed7-a1c88a56c6a0" />
</Solution>
